
Microsoft Visual Studio Solution File, Format Version 12.00
# Visual Studio Version 17
VisualStudioVersion = 17.3.32929.385
MinimumVisualStudioVersion = 10.0.40219.1
Project("{FAE04EC0-301F-11D3-BF4B-00C04F79EFBC}") = "UserManagement.Server", "UserManagement\Server\UserManagement.Server.csproj", "{ADD78306-AA48-4FDF-BC42-DCA90F008211}"
EndProject
Project("{FAE04EC0-301F-11D3-BF4B-00C04F79EFBC}") = "UserManagement.Client", "UserManagement\Client\UserManagement.Client.csproj", "{B6802043-F111-4289-874C-B89729F68955}"
EndProject
Project("{FAE04EC0-301F-11D3-BF4B-00C04F79EFBC}") = "UserManagement.Shared", "UserManagement\Shared\UserManagement.Shared.csproj", "{1DACE1BA-273E-465C-B7C4-0FC24FFEB3FA}"
EndProject
Global
	GlobalSection(SolutionConfigurationPlatforms) = preSolution
		Debug|Any CPU = Debug|Any CPU
		Release|Any CPU = Release|Any CPU
	EndGlobalSection
	GlobalSection(ProjectConfigurationPlatforms) = postSolution
		{ADD78306-AA48-4FDF-BC42-DCA90F008211}.Debug|Any CPU.ActiveCfg = Debug|Any CPU
		{ADD78306-AA48-4FDF-BC42-DCA90F008211}.Debug|Any CPU.Build.0 = Debug|Any CPU
		{ADD78306-AA48-4FDF-BC42-DCA90F008211}.Release|Any CPU.ActiveCfg = Release|Any CPU
		{ADD78306-AA48-4FDF-BC42-DCA90F008211}.Release|Any CPU.Build.0 = Release|Any CPU
		{B6802043-F111-4289-874C-B89729F68955}.Debug|Any CPU.ActiveCfg = Debug|Any CPU
		{B6802043-F111-4289-874C-B89729F68955}.Debug|Any CPU.Build.0 = Debug|Any CPU
		{B6802043-F111-4289-874C-B89729F68955}.Release|Any CPU.ActiveCfg = Release|Any CPU
		{B6802043-F111-4289-874C-B89729F68955}.Release|Any CPU.Build.0 = Release|Any CPU
		{1DACE1BA-273E-465C-B7C4-0FC24FFEB3FA}.Debug|Any CPU.ActiveCfg = Debug|Any CPU
		{1DACE1BA-273E-465C-B7C4-0FC24FFEB3FA}.Debug|Any CPU.Build.0 = Debug|Any CPU
		{1DACE1BA-273E-465C-B7C4-0FC24FFEB3FA}.Release|Any CPU.ActiveCfg = Release|Any CPU
		{1DACE1BA-273E-465C-B7C4-0FC24FFEB3FA}.Release|Any CPU.Build.0 = Release|Any CPU
	EndGlobalSection
	GlobalSection(SolutionProperties) = preSolution
		HideSolutionNode = FALSE
	EndGlobalSection
	GlobalSection(ExtensibilityGlobals) = postSolution
		SolutionGuid = {C737398C-55A0-4023-ADFE-1DEC286C7733}
	EndGlobalSection
EndGlobal
